
Microsoft Visual Studio Solution File, Format Version 12.00
# Visual Studio Version 16
VisualStudioVersion = 16.0.29728.190
MinimumVisualStudioVersion = 10.0.40219.1
Project("{9A19103F-16F7-4668-BE54-9A1E7A4F7556}") = "Moetech.Zhuangzhou", "Moetech.Zhuangzhou.csproj", "{C5820D4C-6F38-40A9-A783-9DE6F1BE7C07}"
EndProject
Global
	GlobalSection(SolutionConfigurationPlatforms) = preSolution
		Debug|Any CPU = Debug|Any CPU
		Release|Any CPU = Release|Any CPU
	EndGlobalSection
	GlobalSection(ProjectConfigurationPlatforms) = postSolution
		{C5820D4C-6F38-40A9-A783-9DE6F1BE7C07}.Debug|Any CPU.ActiveCfg = Debug|Any CPU
		{C5820D4C-6F38-40A9-A783-9DE6F1BE7C07}.Debug|Any CPU.Build.0 = Debug|Any CPU
		{C5820D4C-6F38-40A9-A783-9DE6F1BE7C07}.Release|Any CPU.ActiveCfg = Release|Any CPU
		{C5820D4C-6F38-40A9-A783-9DE6F1BE7C07}.Release|Any CPU.Build.0 = Release|Any CPU
	EndGlobalSection
	GlobalSection(SolutionProperties) = preSolution
		HideSolutionNode = FALSE
	EndGlobalSection
	GlobalSection(ExtensibilityGlobals) = postSolution
		SolutionGuid = {CDF2D107-A364-49D0-A074-25CB47D4E5B1}
	EndGlobalSection
EndGlobal
